
Microsoft Visual Studio Solution File, Format Version 12.00
# Visual Studio Version 17
VisualStudioVersion = 17.0.31903.59
MinimumVisualStudioVersion = 10.0.40219.1
Project("{2150E333-8FDC-42A3-9474-1A3956D46DE8}") = "src", "src", "{037A1A14-2566-4064-8916-7D20134C04F2}"
EndProject
Project("{FAE04EC0-301F-11D3-BF4B-00C04F79EFBC}") = "AuctionService", "src\AuctionService\AuctionService.csproj", "{063754F3-9679-470A-B6DD-7EDF390C90CC}"
EndProject
Project("{FAE04EC0-301F-11D3-BF4B-00C04F79EFBC}") = "SearchService", "src\SearchService\SearchService.csproj", "{A637FF01-074F-4601-8906-D2A404A34E68}"
EndProject
Global
	GlobalSection(SolutionConfigurationPlatforms) = preSolution
		Debug|Any CPU = Debug|Any CPU
		Release|Any CPU = Release|Any CPU
	EndGlobalSection
	GlobalSection(ProjectConfigurationPlatforms) = postSolution
		{063754F3-9679-470A-B6DD-7EDF390C90CC}.Debug|Any CPU.ActiveCfg = Debug|Any CPU
		{063754F3-9679-470A-B6DD-7EDF390C90CC}.Debug|Any CPU.Build.0 = Debug|Any CPU
		{063754F3-9679-470A-B6DD-7EDF390C90CC}.Release|Any CPU.ActiveCfg = Release|Any CPU
		{063754F3-9679-470A-B6DD-7EDF390C90CC}.Release|Any CPU.Build.0 = Release|Any CPU
		{A637FF01-074F-4601-8906-D2A404A34E68}.Debug|Any CPU.ActiveCfg = Debug|Any CPU
		{A637FF01-074F-4601-8906-D2A404A34E68}.Debug|Any CPU.Build.0 = Debug|Any CPU
		{A637FF01-074F-4601-8906-D2A404A34E68}.Release|Any CPU.ActiveCfg = Release|Any CPU
		{A637FF01-074F-4601-8906-D2A404A34E68}.Release|Any CPU.Build.0 = Release|Any CPU
	EndGlobalSection
	GlobalSection(SolutionProperties) = preSolution
		HideSolutionNode = FALSE
	EndGlobalSection
	GlobalSection(NestedProjects) = preSolution
		{063754F3-9679-470A-B6DD-7EDF390C90CC} = {037A1A14-2566-4064-8916-7D20134C04F2}
		{A637FF01-074F-4601-8906-D2A404A34E68} = {037A1A14-2566-4064-8916-7D20134C04F2}
	EndGlobalSection
EndGlobal
